
Microsoft Visual Studio Solution File, Format Version 12.00
# Visual Studio Version 17
VisualStudioVersion = 17.6.33723.286
MinimumVisualStudioVersion = 10.0.40219.1
Project("{FAE04EC0-301F-11D3-BF4B-00C04F79EFBC}") = "FirstTaskProject", "FirstTask\FirstTaskProject.csproj", "{69E198CA-BA31-4D14-916D-07563AA1DFAE}"
EndProject
Global
	GlobalSection(SolutionConfigurationPlatforms) = preSolution
		Debug|Any CPU = Debug|Any CPU
		Release|Any CPU = Release|Any CPU
	EndGlobalSection
	GlobalSection(ProjectConfigurationPlatforms) = postSolution
		{69E198CA-BA31-4D14-916D-07563AA1DFAE}.Debug|Any CPU.ActiveCfg = Debug|Any CPU
		{69E198CA-BA31-4D14-916D-07563AA1DFAE}.Debug|Any CPU.Build.0 = Debug|Any CPU
		{69E198CA-BA31-4D14-916D-07563AA1DFAE}.Release|Any CPU.ActiveCfg = Release|Any CPU
		{69E198CA-BA31-4D14-916D-07563AA1DFAE}.Release|Any CPU.Build.0 = Release|Any CPU
	EndGlobalSection
	GlobalSection(SolutionProperties) = preSolution
		HideSolutionNode = FALSE
	EndGlobalSection
	GlobalSection(ExtensibilityGlobals) = postSolution
		SolutionGuid = {AAA7D331-522B-4209-B517-DDEA35F64D26}
	EndGlobalSection
EndGlobal
